
Microsoft Visual Studio Solution File, Format Version 12.00
# Visual Studio Version 16
VisualStudioVersion = 16.0.30114.105
MinimumVisualStudioVersion = 10.0.40219.1
Project("{8BC9CEB8-8B4A-11D0-8D11-00A0C91BC942}") = "SecretHitlerCLI", "SecretHitlerCLI\SecretHitlerCLI.vcxproj", "{014C8DF1-60BB-4520-BA6C-F32D4C3AFDEC}"
EndProject
Global
	GlobalSection(SolutionConfigurationPlatforms) = preSolution
		Debug|x64 = Debug|x64
		Debug|x86 = Debug|x86
		Release|x64 = Release|x64
		Release|x86 = Release|x86
	EndGlobalSection
	GlobalSection(ProjectConfigurationPlatforms) = postSolution
		{014C8DF1-60BB-4520-BA6C-F32D4C3AFDEC}.Debug|x64.ActiveCfg = Debug|x64
		{014C8DF1-60BB-4520-BA6C-F32D4C3AFDEC}.Debug|x64.Build.0 = Debug|x64
		{014C8DF1-60BB-4520-BA6C-F32D4C3AFDEC}.Debug|x86.ActiveCfg = Debug|Win32
		{014C8DF1-60BB-4520-BA6C-F32D4C3AFDEC}.Debug|x86.Build.0 = Debug|Win32
		{014C8DF1-60BB-4520-BA6C-F32D4C3AFDEC}.Release|x64.ActiveCfg = Release|x64
		{014C8DF1-60BB-4520-BA6C-F32D4C3AFDEC}.Release|x64.Build.0 = Release|x64
		{014C8DF1-60BB-4520-BA6C-F32D4C3AFDEC}.Release|x86.ActiveCfg = Release|Win32
		{014C8DF1-60BB-4520-BA6C-F32D4C3AFDEC}.Release|x86.Build.0 = Release|Win32
	EndGlobalSection
	GlobalSection(SolutionProperties) = preSolution
		HideSolutionNode = FALSE
	EndGlobalSection
	GlobalSection(ExtensibilityGlobals) = postSolution
		SolutionGuid = {42E8136F-7948-4442-8648-58FE6EB08A39}
	EndGlobalSection
EndGlobal
